// !$*UTF8*$!
{
	archiveVersion = 1;
	classes = {
	};
	objectVersion = 50;
	objects = {

/* Begin PBXBuildFile section */
		7D608D81CA0231FDB3BF27CD /* Pods_MVVMPracticeTests.framework in Frameworks */ = {isa = PBXBuildFile; fileRef = 786EF6F1BBCE81E11BE5F28F /* Pods_MVVMPracticeTests.framework */; };
		CB3AD4BD22572C690005BE7F /* AppDelegate.swift in Sources */ = {isa = PBXBuildFile; fileRef = CB3AD4BC22572C690005BE7F /* AppDelegate.swift */; };
		CB3AD4BF22572C690005BE7F /* ViewController.swift in Sources */ = {isa = PBXBuildFile; fileRef = CB3AD4BE22572C690005BE7F /* ViewController.swift */; };
		CB3AD4C222572C690005BE7F /* Main.storyboard in Resources */ = {isa = PBXBuildFile; fileRef = CB3AD4C022572C690005BE7F /* Main.storyboard */; };
		CB3AD4C422572C6B0005BE7F /* Assets.xcassets in Resources */ = {isa = PBXBuildFile; fileRef = CB3AD4C322572C6B0005BE7F /* Assets.xcassets */; };
		CB3AD4C722572C6B0005BE7F /* LaunchScreen.storyboard in Resources */ = {isa = PBXBuildFile; fileRef = CB3AD4C522572C6B0005BE7F /* LaunchScreen.storyboard */; };
		CB3AD4D222572C6B0005BE7F /* MVVMPracticeTests.swift in Sources */ = {isa = PBXBuildFile; fileRef = CB3AD4D122572C6B0005BE7F /* MVVMPracticeTests.swift */; };
		E1467BC04B92EFB1AB4DF24F /* Pods_MVVMPractice.framework in Frameworks */ = {isa = PBXBuildFile; fileRef = 62EDCA9FE2CA4C1F64279D9A /* Pods_MVVMPractice.framework */; };
/* End PBXBuildFile section */

/* Begin PBXContainerItemProxy section */
		CB3AD4CE22572C6B0005BE7F /* PBXContainerItemProxy */ = {
			isa = PBXContainerItemProxy;
			containerPortal = CB3AD4B122572C690005BE7F /* Project object */;
			proxyType = 1;
			remoteGlobalIDString = CB3AD4B822572C690005BE7F;
			remoteInfo = MVVMPractice;
		};
/* End PBXContainerItemProxy section */

/* Begin PBXFileReference section */
		080879BFE47A4DE2152BF280 /* Pods-MVVMPracticeTests.release.xcconfig */ = {isa = PBXFileReference; includeInIndex = 1; lastKnownFileType = text.xcconfig; name = "Pods-MVVMPracticeTests.release.xcconfig"; path = "Target Support Files/Pods-MVVMPracticeTests/Pods-MVVMPracticeTests.release.xcconfig"; sourceTree = "<group>"; };
		355D58B86C52F42F36BF4CD8 /* Pods-MVVMPracticeTests.debug.xcconfig */ = {isa = PBXFileReference; includeInIndex = 1; lastKnownFileType = text.xcconfig; name = "Pods-MVVMPracticeTests.debug.xcconfig"; path = "Target Support Files/Pods-MVVMPracticeTests/Pods-MVVMPracticeTests.debug.xcconfig"; sourceTree = "<group>"; };
		62EDCA9FE2CA4C1F64279D9A /* Pods_MVVMPractice.framework */ = {isa = PBXFileReference; explicitFileType = wrapper.framework; includeInIndex = 0; path = Pods_MVVMPractice.framework; sourceTree = BUILT_PRODUCTS_DIR; };
		786EF6F1BBCE81E11BE5F28F /* Pods_MVVMPracticeTests.framework */ = {isa = PBXFileReference; explicitFileType = wrapper.framework; includeInIndex = 0; path = Pods_MVVMPracticeTests.framework; sourceTree = BUILT_PRODUCTS_DIR; };
		CB3AD4B922572C690005BE7F /* MVVMPractice.app */ = {isa = PBXFileReference; explicitFileType = wrapper.application; includeInIndex = 0; path = MVVMPractice.app; sourceTree = BUILT_PRODUCTS_DIR; };
		CB3AD4BC22572C690005BE7F /* AppDelegate.swift */ = {isa = PBXFileReference; lastKnownFileType = sourcecode.swift; path = AppDelegate.swift; sourceTree = "<group>"; };
		CB3AD4BE22572C690005BE7F /* ViewController.swift */ = {isa = PBXFileReference; lastKnownFileType = sourcecode.swift; path = ViewController.swift; sourceTree = "<group>"; };
		CB3AD4C122572C690005BE7F /* Base */ = {isa = PBXFileReference; lastKnownFileType = file.storyboard; name = Base; path = Base.lproj/Main.storyboard; sourceTree = "<group>"; };
		CB3AD4C322572C6B0005BE7F /* Assets.xcassets */ = {isa = PBXFileReference; lastKnownFileType = folder.assetcatalog; path = Assets.xcassets; sourceTree = "<group>"; };
		CB3AD4C622572C6B0005BE7F /* Base */ = {isa = PBXFileReference; lastKnownFileType = file.storyboard; name = Base; path = Base.lproj/LaunchScreen.storyboard; sourceTree = "<group>"; };
		CB3AD4C822572C6B0005BE7F /* Info.plist */ = {isa = PBXFileReference; lastKnownFileType = text.plist.xml; path = Info.plist; sourceTree = "<group>"; };
		CB3AD4CD22572C6B0005BE7F /* MVVMPracticeTests.xctest */ = {isa = PBXFileReference; explicitFileType = wrapper.cfbundle; includeInIndex = 0; path = MVVMPracticeTests.xctest; sourceTree = BUILT_PRODUCTS_DIR; };
		CB3AD4D122572C6B0005BE7F /* MVVMPracticeTests.swift */ = {isa = PBXFileReference; lastKnownFileType = sourcecode.swift; path = MVVMPracticeTests.swift; sourceTree = "<group>"; };
		CB3AD4D322572C6B0005BE7F /* Info.plist */ = {isa = PBXFileReference; lastKnownFileType = text.plist.xml; path = Info.plist; sourceTree = "<group>"; };
		D05AEF747606EF93DCEB49F8 /* Pods-MVVMPractice.debug.xcconfig */ = {isa = PBXFileReference; includeInIndex = 1; lastKnownFileType = text.xcconfig; name = "Pods-MVVMPractice.debug.xcconfig"; path = "Target Support Files/Pods-MVVMPractice/Pods-MVVMPractice.debug.xcconfig"; sourceTree = "<group>"; };
		EB36E5A8F5E6D07E9FABAC8C /* Pods-MVVMPractice.release.xcconfig */ = {isa = PBXFileReference; includeInIndex = 1; lastKnownFileType = text.xcconfig; name = "Pods-MVVMPractice.release.xcconfig"; path = "Target Support Files/Pods-MVVMPractice/Pods-MVVMPractice.release.xcconfig"; sourceTree = "<group>"; };
/* End PBXFileReference section */

/* Begin PBXFrameworksBuildPhase section */
		CB3AD4B622572C690005BE7F /* Frameworks */ = {
			isa = PBXFrameworksBuildPhase;
			buildActionMask = 2147483647;
			files = (
				E1467BC04B92EFB1AB4DF24F /* Pods_MVVMPractice.framework in Frameworks */,
			);
			runOnlyForDeploymentPostprocessing = 0;
		};
		CB3AD4CA22572C6B0005BE7F /* Frameworks */ = {
			isa = PBXFrameworksBuildPhase;
			buildActionMask = 2147483647;
			files = (
				7D608D81CA0231FDB3BF27CD /* Pods_MVVMPracticeTests.framework in Frameworks */,
			);
			runOnlyForDeploymentPostprocessing = 0;
		};
/* End PBXFrameworksBuildPhase section */

/* Begin PBXGroup section */
		68460A1F74431AAC0B1844C0 /* Frameworks */ = {
			isa = PBXGroup;
			children = (
				62EDCA9FE2CA4C1F64279D9A /* Pods_MVVMPractice.framework */,
				786EF6F1BBCE81E11BE5F28F /* Pods_MVVMPracticeTests.framework */,
			);
			name = Frameworks;
			sourceTree = "<group>";
		};
		A7592CADC59F33E56F01147D /* Pods */ = {
			isa = PBXGroup;
			children = (
				D05AEF747606EF93DCEB49F8 /* Pods-MVVMPractice.debug.xcconfig */,
				EB36E5A8F5E6D07E9FABAC8C /* Pods-MVVMPractice.release.xcconfig */,
				355D58B86C52F42F36BF4CD8 /* Pods-MVVMPracticeTests.debug.xcconfig */,
				080879BFE47A4DE2152BF280 /* Pods-MVVMPracticeTests.release.xcconfig */,
			);
			path = Pods;
			sourceTree = "<group>";
		};
		CB3AD4B022572C690005BE7F = {
			isa = PBXGroup;
			children = (
				CB3AD4BB22572C690005BE7F /* MVVMPractice */,
				CB3AD4D022572C6B0005BE7F /* MVVMPracticeTests */,
				CB3AD4BA22572C690005BE7F /* Products */,
				A7592CADC59F33E56F01147D /* Pods */,
				68460A1F74431AAC0B1844C0 /* Frameworks */,
			);
			sourceTree = "<group>";
		};
		CB3AD4BA22572C690005BE7F /* Products */ = {
			isa = PBXGroup;
			children = (
				CB3AD4B922572C690005BE7F /* MVVMPractice.app */,
				CB3AD4CD22572C6B0005BE7F /* MVVMPracticeTests.xctest */,
			);
			name = Products;
			sourceTree = "<group>";
		};
		CB3AD4BB22572C690005BE7F /* MVVMPractice */ = {
			isa = PBXGroup;
			children = (
				CB3AD4BC22572C690005BE7F /* AppDelegate.swift */,
				CB3AD4BE22572C690005BE7F /* ViewController.swift */,
				CB3AD4C022572C690005BE7F /* Main.storyboard */,
				CB3AD4C322572C6B0005BE7F /* Assets.xcassets */,
				CB3AD4C522572C6B0005BE7F /* LaunchScreen.storyboard */,
				CB3AD4C822572C6B0005BE7F /* Info.plist */,
			);
			path = MVVMPractice;
			sourceTree = "<group>";
		};
		CB3AD4D022572C6B0005BE7F /* MVVMPracticeTests */ = {
			isa = PBXGroup;
			children = (
				CB3AD4D122572C6B0005BE7F /* MVVMPracticeTests.swift */,
				CB3AD4D322572C6B0005BE7F /* Info.plist */,
			);
			path = MVVMPracticeTests;
			sourceTree = "<group>";
		};
/* End PBXGroup section */

/* Begin PBXNativeTarget section */
		CB3AD4B822572C690005BE7F /* MVVMPractice */ = {
			isa = PBXNativeTarget;
			buildConfigurationList = CB3AD4D622572C6B0005BE7F /* Build configuration list for PBXNativeTarget "MVVMPractice" */;
			buildPhases = (
				5960610BA84B99DF30C35BA2 /* [CP] Check Pods Manifest.lock */,
				CB3AD4B522572C690005BE7F /* Sources */,
				CB3AD4B622572C690005BE7F /* Frameworks */,
				CB3AD4B722572C690005BE7F /* Resources */,
				1E492BE2C90189B8170E1177 /* [CP] Embed Pods Frameworks */,
			);
			buildRules = (
			);
			dependencies = (
			);
			name = MVVMPractice;
			productName = MVVMPractice;
			productReference = CB3AD4B922572C690005BE7F /* MVVMPractice.app */;
			productType = "com.apple.product-type.application";
		};
		CB3AD4CC22572C6B0005BE7F /* MVVMPracticeTests */ = {
			isa = PBXNativeTarget;
			buildConfigurationList = CB3AD4D922572C6B0005BE7F /* Build configuration list for PBXNativeTarget "MVVMPracticeTests" */;
			buildPhases = (
				9A95FB4EA13C1338F062E04D /* [CP] Check Pods Manifest.lock */,
				CB3AD4C922572C6B0005BE7F /* Sources */,
				CB3AD4CA22572C6B0005BE7F /* Frameworks */,
				CB3AD4CB22572C6B0005BE7F /* Resources */,
			);
			buildRules = (
			);
			dependencies = (
				CB3AD4CF22572C6B0005BE7F /* PBXTargetDependency */,
			);
			name = MVVMPracticeTests;
			productName = MVVMPracticeTests;
			productReference = CB3AD4CD22572C6B0005BE7F /* MVVMPracticeTests.xctest */;
			productType = "com.apple.product-type.bundle.unit-test";
		};
/* End PBXNativeTarget section */

/* Begin PBXProject section */
		CB3AD4B122572C690005BE7F /* Project object */ = {
			isa = PBXProject;
			attributes = {
				LastSwiftUpdateCheck = 1010;
				LastUpgradeCheck = 1010;
				ORGANIZATIONNAME = Archer;
				TargetAttributes = {
					CB3AD4B822572C690005BE7F = {
						CreatedOnToolsVersion = 10.1;
						SystemCapabilities = {
							com.apple.BackgroundModes = {
								enabled = 1;
							};
						};
					};
					CB3AD4CC22572C6B0005BE7F = {
						CreatedOnToolsVersion = 10.1;
						TestTargetID = CB3AD4B822572C690005BE7F;
					};
				};
			};
			buildConfigurationList = CB3AD4B422572C690005BE7F /* Build configuration list for PBXProject "MVVMPractice" */;
			compatibilityVersion = "Xcode 9.3";
			developmentRegion = en;
			hasScannedForEncodings = 0;
			knownRegions = (
				en,
				Base,
			);
			mainGroup = CB3AD4B022572C690005BE7F;
			productRefGroup = CB3AD4BA22572C690005BE7F /* Products */;
			projectDirPath = "";
			projectRoot = "";
			targets = (
				CB3AD4B822572C690005BE7F /* MVVMPractice */,
				CB3AD4CC22572C6B0005BE7F /* MVVMPracticeTests */,
			);
		};
/* End PBXProject section */

/* Begin PBXResourcesBuildPhase section */
		CB3AD4B722572C690005BE7F /* Resources */ = {
			isa = PBXResourcesBuildPhase;
			buildActionMask = 2147483647;
			files = (
				CB3AD4C722572C6B0005BE7F /* LaunchScreen.storyboard in Resources */,
				CB3AD4C422572C6B0005BE7F /* Assets.xcassets in Resources */,
				CB3AD4C222572C690005BE7F /* Main.storyboard in Resources */,
			);
			runOnlyForDeploymentPostprocessing = 0;
		};
		CB3AD4CB22572C6B0005BE7F /* Resources */ = {
			isa = PBXResourcesBuildPhase;
			buildActionMask = 2147483647;
			files = (
			);
			runOnlyForDeploymentPostprocessing = 0;
		};
/* End PBXResourcesBuildPhase section */

/* Begin PBXShellScriptBuildPhase section */
		1E492BE2C90189B8170E1177 /* [CP] Embed Pods Frameworks */ = {
			isa = PBXShellScriptBuildPhase;
			buildActionMask = 2147483647;
			files = (
			);
			inputFileListPaths = (
			);
			inputPaths = (
				"${PODS_ROOT}/Target Support Files/Pods-MVVMPractice/Pods-MVVMPractice-frameworks.sh",
				"${BUILT_PRODUCTS_DIR}/Alamofire/Alamofire.framework",
				"${BUILT_PRODUCTS_DIR}/AppMusic/AppMusic.framework",
				"${BUILT_PRODUCTS_DIR}/AudioService/AudioService.framework",
				"${BUILT_PRODUCTS_DIR}/FDNamespacer/FDNamespacer.framework",
				"${BUILT_PRODUCTS_DIR}/FOLDin/FOLDin.framework",
				"${BUILT_PRODUCTS_DIR}/Fatal/Fatal.framework",
				"${BUILT_PRODUCTS_DIR}/Fate/Fate.framework",
				"${BUILT_PRODUCTS_DIR}/IQKeyboardManagerSwift/IQKeyboardManagerSwift.framework",
				"${BUILT_PRODUCTS_DIR}/MBProgressHUD/MBProgressHUD.framework",
				"${BUILT_PRODUCTS_DIR}/MJRefresh/MJRefresh.framework",
				"${BUILT_PRODUCTS_DIR}/Mediator/Mediator.framework",
				"${BUILT_PRODUCTS_DIR}/Moya/Moya.framework",
				"${BUILT_PRODUCTS_DIR}/Result/Result.framework",
				"${BUILT_PRODUCTS_DIR}/RxAtomic/RxAtomic.framework",
				"${BUILT_PRODUCTS_DIR}/RxCocoa/RxCocoa.framework",
				"${BUILT_PRODUCTS_DIR}/RxMoya/RxMoya.framework",
				"${BUILT_PRODUCTS_DIR}/RxOptional/RxOptional.framework",
				"${BUILT_PRODUCTS_DIR}/RxSwift/RxSwift.framework",
				"${BUILT_PRODUCTS_DIR}/RxSwiftExt/RxSwiftExt.framework",
				"${BUILT_PRODUCTS_DIR}/SDCycleScrollView/SDCycleScrollView.framework",
				"${BUILT_PRODUCTS_DIR}/SDWebImage/SDWebImage.framework",
				"${BUILT_PRODUCTS_DIR}/SkeletonView/SkeletonView.framework",
				"${BUILT_PRODUCTS_DIR}/SnapKit/SnapKit.framework",
				"${BUILT_PRODUCTS_DIR}/SwiftyHUD/SwiftyHUD.framework",
				"${BUILT_PRODUCTS_DIR}/SwiftyJSON/SwiftyJSON.framework",
				"${BUILT_PRODUCTS_DIR}/UITableView+FDTemplateLayoutCell/UITableView_FDTemplateLayoutCell.framework",
				"${BUILT_PRODUCTS_DIR}/YYKit/YYKit.framework",
			);
			name = "[CP] Embed Pods Frameworks";
			outputFileListPaths = (
			);
			outputPaths = (
				"${TARGET_BUILD_DIR}/${FRAMEWORKS_FOLDER_PATH}/Alamofire.framework",
				"${TARGET_BUILD_DIR}/${FRAMEWORKS_FOLDER_PATH}/AppMusic.framework",
				"${TARGET_BUILD_DIR}/${FRAMEWORKS_FOLDER_PATH}/AudioService.framework",
				"${TARGET_BUILD_DIR}/${FRAMEWORKS_FOLDER_PATH}/FDNamespacer.framework",
				"${TARGET_BUILD_DIR}/${FRAMEWORKS_FOLDER_PATH}/FOLDin.framework",
				"${TARGET_BUILD_DIR}/${FRAMEWORKS_FOLDER_PATH}/Fatal.framework",
				"${TARGET_BUILD_DIR}/${FRAMEWORKS_FOLDER_PATH}/Fate.framework",
				"${TARGET_BUILD_DIR}/${FRAMEWORKS_FOLDER_PATH}/IQKeyboardManagerSwift.framework",
				"${TARGET_BUILD_DIR}/${FRAMEWORKS_FOLDER_PATH}/MBProgressHUD.framework",
				"${TARGET_BUILD_DIR}/${FRAMEWORKS_FOLDER_PATH}/MJRefresh.framework",
				"${TARGET_BUILD_DIR}/${FRAMEWORKS_FOLDER_PATH}/Mediator.framework",
				"${TARGET_BUILD_DIR}/${FRAMEWORKS_FOLDER_PATH}/Moya.framework",
				"${TARGET_BUILD_DIR}/${FRAMEWORKS_FOLDER_PATH}/Result.framework",
				"${TARGET_BUILD_DIR}/${FRAMEWORKS_FOLDER_PATH}/RxAtomic.framework",
				"${TARGET_BUILD_DIR}/${FRAMEWORKS_FOLDER_PATH}/RxCocoa.framework",
				"${TARGET_BUILD_DIR}/${FRAMEWORKS_FOLDER_PATH}/RxMoya.framework",
				"${TARGET_BUILD_DIR}/${FRAMEWORKS_FOLDER_PATH}/RxOptional.framework",
				"${TARGET_BUILD_DIR}/${FRAMEWORKS_FOLDER_PATH}/RxSwift.framework",
				"${TARGET_BUILD_DIR}/${FRAMEWORKS_FOLDER_PATH}/RxSwiftExt.framework",
				"${TARGET_BUILD_DIR}/${FRAMEWORKS_FOLDER_PATH}/SDCycleScrollView.framework",
				"${TARGET_BUILD_DIR}/${FRAMEWORKS_FOLDER_PATH}/SDWebImage.framework",
				"${TARGET_BUILD_DIR}/${FRAMEWORKS_FOLDER_PATH}/SkeletonView.framework",
				"${TARGET_BUILD_DIR}/${FRAMEWORKS_FOLDER_PATH}/SnapKit.framework",
				"${TARGET_BUILD_DIR}/${FRAMEWORKS_FOLDER_PATH}/SwiftyHUD.framework",
				"${TARGET_BUILD_DIR}/${FRAMEWORKS_FOLDER_PATH}/SwiftyJSON.framework",
				"${TARGET_BUILD_DIR}/${FRAMEWORKS_FOLDER_PATH}/UITableView_FDTemplateLayoutCell.framework",
				"${TARGET_BUILD_DIR}/${FRAMEWORKS_FOLDER_PATH}/YYKit.framework",
			);
			runOnlyForDeploymentPostprocessing = 0;
			shellPath = /bin/sh;
			shellScript = "\"${PODS_ROOT}/Target Support Files/Pods-MVVMPractice/Pods-MVVMPractice-frameworks.sh\"\n";
			showEnvVarsInLog = 0;
		};
		5960610BA84B99DF30C35BA2 /* [CP] Check Pods Manifest.lock */ = {
			isa = PBXShellScriptBuildPhase;
			buildActionMask = 2147483647;
			files = (
			);
			inputFileListPaths = (
			);
			inputPaths = (
				"${PODS_PODFILE_DIR_PATH}/Podfile.lock",
				"${PODS_ROOT}/Manifest.lock",
			);
			name = "[CP] Check Pods Manifest.lock";
			outputFileListPaths = (
			);
			outputPaths = (
				"$(DERIVED_FILE_DIR)/Pods-MVVMPractice-checkManifestLockResult.txt",
			);
			runOnlyForDeploymentPostprocessing = 0;
			shellPath = /bin/sh;
			shellScript = "diff \"${PODS_PODFILE_DIR_PATH}/Podfile.lock\" \"${PODS_ROOT}/Manifest.lock\" > /dev/null\nif [ $? != 0 ] ; then\n    # print error to STDERR\n    echo \"error: The sandbox is not in sync with the Podfile.lock. Run 'pod install' or update your CocoaPods installation.\" >&2\n    exit 1\nfi\n# This output is used by Xcode 'outputs' to avoid re-running this script phase.\necho \"SUCCESS\" > \"${SCRIPT_OUTPUT_FILE_0}\"\n";
			showEnvVarsInLog = 0;
		};
		9A95FB4EA13C1338F062E04D /* [CP] Check Pods Manifest.lock */ = {
			isa = PBXShellScriptBuildPhase;
			buildActionMask = 2147483647;
			files = (
			);
			inputFileListPaths = (
			);
			inputPaths = (
				"${PODS_PODFILE_DIR_PATH}/Podfile.lock",
				"${PODS_ROOT}/Manifest.lock",
			);
			name = "[CP] Check Pods Manifest.lock";
			outputFileListPaths = (
			);
			outputPaths = (
				"$(DERIVED_FILE_DIR)/Pods-MVVMPracticeTests-checkManifestLockResult.txt",
			);
			runOnlyForDeploymentPostprocessing = 0;
			shellPath = /bin/sh;
			shellScript = "diff \"${PODS_PODFILE_DIR_PATH}/Podfile.lock\" \"${PODS_ROOT}/Manifest.lock\" > /dev/null\nif [ $? != 0 ] ; then\n    # print error to STDERR\n    echo \"error: The sandbox is not in sync with the Podfile.lock. Run 'pod install' or update your CocoaPods installation.\" >&2\n    exit 1\nfi\n# This output is used by Xcode 'outputs' to avoid re-running this script phase.\necho \"SUCCESS\" > \"${SCRIPT_OUTPUT_FILE_0}\"\n";
			showEnvVarsInLog = 0;
		};
/* End PBXShellScriptBuildPhase section */

/* Begin PBXSourcesBuildPhase section */
		CB3AD4B522572C690005BE7F /* Sources */ = {
			isa = PBXSourcesBuildPhase;
			buildActionMask = 2147483647;
			files = (
				CB3AD4BF22572C690005BE7F /* ViewController.swift in Sources */,
				CB3AD4BD22572C690005BE7F /* AppDelegate.swift in Sources */,
			);
			runOnlyForDeploymentPostprocessing = 0;
		};
		CB3AD4C922572C6B0005BE7F /* Sources */ = {
			isa = PBXSourcesBuildPhase;
			buildActionMask = 2147483647;
			files = (
				CB3AD4D222572C6B0005BE7F /* MVVMPracticeTests.swift in Sources */,
			);
			runOnlyForDeploymentPostprocessing = 0;
		};
/* End PBXSourcesBuildPhase section */

/* Begin PBXTargetDependency section */
		CB3AD4CF22572C6B0005BE7F /* PBXTargetDependency */ = {
			isa = PBXTargetDependency;
			target = CB3AD4B822572C690005BE7F /* MVVMPractice */;
			targetProxy = CB3AD4CE22572C6B0005BE7F /* PBXContainerItemProxy */;
		};
/* End PBXTargetDependency section */

/* Begin PBXVariantGroup section */
		CB3AD4C022572C690005BE7F /* Main.storyboard */ = {
			isa = PBXVariantGroup;
			children = (
				CB3AD4C122572C690005BE7F /* Base */,
			);
			name = Main.storyboard;
			sourceTree = "<group>";
		};
		CB3AD4C522572C6B0005BE7F /* LaunchScreen.storyboard */ = {
			isa = PBXVariantGroup;
			children = (
				CB3AD4C622572C6B0005BE7F /* Base */,
			);
			name = LaunchScreen.storyboard;
			sourceTree = "<group>";
		};
/* End PBXVariantGroup section */

/* Begin XCBuildConfiguration section */
		CB3AD4D422572C6B0005BE7F /* Debug */ = {
			isa = XCBuildConfiguration;
			buildSettings = {
				ALWAYS_SEARCH_USER_PATHS = NO;
				CLANG_ANALYZER_NONNULL = YES;
				CLANG_ANALYZER_NUMBER_OBJECT_CONVERSION = YES_AGGRESSIVE;
				CLANG_CXX_LANGUAGE_STANDARD = "gnu++14";
				CLANG_CXX_LIBRARY = "libc++";
				CLANG_ENABLE_MODULES = YES;
				CLANG_ENABLE_OBJC_ARC = YES;
				CLANG_ENABLE_OBJC_WEAK = YES;
				CLANG_WARN_BLOCK_CAPTURE_AUTORELEASING = YES;
				CLANG_WARN_BOOL_CONVERSION = YES;
				CLANG_WARN_COMMA = YES;
				CLANG_WARN_CONSTANT_CONVERSION = YES;
				CLANG_WARN_DEPRECATED_OBJC_IMPLEMENTATIONS = YES;
				CLANG_WARN_DIRECT_OBJC_ISA_USAGE = YES_ERROR;
				CLANG_WARN_DOCUMENTATION_COMMENTS = YES;
				CLANG_WARN_EMPTY_BODY = YES;
				CLANG_WARN_ENUM_CONVERSION = YES;
				CLANG_WARN_INFINITE_RECURSION = YES;
				CLANG_WARN_INT_CONVERSION = YES;
				CLANG_WARN_NON_LITERAL_NULL_CONVERSION = YES;
				CLANG_WARN_OBJC_IMPLICIT_RETAIN_SELF = YES;
				CLANG_WARN_OBJC_LITERAL_CONVERSION = YES;
				CLANG_WARN_OBJC_ROOT_CLASS = YES_ERROR;
				CLANG_WARN_RANGE_LOOP_ANALYSIS = YES;
				CLANG_WARN_STRICT_PROTOTYPES = YES;
				CLANG_WARN_SUSPICIOUS_MOVE = YES;
				CLANG_WARN_UNGUARDED_AVAILABILITY = YES_AGGRESSIVE;
				CLANG_WARN_UNREACHABLE_CODE = YES;
				CLANG_WARN__DUPLICATE_METHOD_MATCH = YES;
				CODE_SIGN_IDENTITY = "iPhone Developer";
				COPY_PHASE_STRIP = NO;
				DEBUG_INFORMATION_FORMAT = dwarf;
				ENABLE_STRICT_OBJC_MSGSEND = YES;
				ENABLE_TESTABILITY = YES;
				GCC_C_LANGUAGE_STANDARD = gnu11;
				GCC_DYNAMIC_NO_PIC = NO;
				GCC_NO_COMMON_BLOCKS = YES;
				GCC_OPTIMIZATION_LEVEL = 0;
				GCC_PREPROCESSOR_DEFINITIONS = (
					"DEBUG=1",
					"$(inherited)",
				);
				GCC_WARN_64_TO_32_BIT_CONVERSION = YES;
				GCC_WARN_ABOUT_RETURN_TYPE = YES_ERROR;
				GCC_WARN_UNDECLARED_SELECTOR = YES;
				GCC_WARN_UNINITIALIZED_AUTOS = YES_AGGRESSIVE;
				GCC_WARN_UNUSED_FUNCTION = YES;
				GCC_WARN_UNUSED_VARIABLE = YES;
				IPHONEOS_DEPLOYMENT_TARGET = 9.0;
				MTL_ENABLE_DEBUG_INFO = INCLUDE_SOURCE;
				MTL_FAST_MATH = YES;
				ONLY_ACTIVE_ARCH = YES;
				SDKROOT = iphoneos;
				SWIFT_ACTIVE_COMPILATION_CONDITIONS = DEBUG;
				SWIFT_OPTIMIZATION_LEVEL = "-Onone";
			};
			name = Debug;
		};
		CB3AD4D522572C6B0005BE7F /* Release */ = {
			isa = XCBuildConfiguration;
			buildSettings = {
				ALWAYS_SEARCH_USER_PATHS = NO;
				CLANG_ANALYZER_NONNULL = YES;
				CLANG_ANALYZER_NUMBER_OBJECT_CONVERSION = YES_AGGRESSIVE;
				CLANG_CXX_LANGUAGE_STANDARD = "gnu++14";
				CLANG_CXX_LIBRARY = "libc++";
				CLANG_ENABLE_MODULES = YES;
				CLANG_ENABLE_OBJC_ARC = YES;
				CLANG_ENABLE_OBJC_WEAK = YES;
				CLANG_WARN_BLOCK_CAPTURE_AUTORELEASING = YES;
				CLANG_WARN_BOOL_CONVERSION = YES;
				CLANG_WARN_COMMA = YES;
				CLANG_WARN_CONSTANT_CONVERSION = YES;
				CLANG_WARN_DEPRECATED_OBJC_IMPLEMENTATIONS = YES;
				CLANG_WARN_DIRECT_OBJC_ISA_USAGE = YES_ERROR;
				CLANG_WARN_DOCUMENTATION_COMMENTS = YES;
				CLANG_WARN_EMPTY_BODY = YES;
				CLANG_WARN_ENUM_CONVERSION = YES;
				CLANG_WARN_INFINITE_RECURSION = YES;
				CLANG_WARN_INT_CONVERSION = YES;
				CLANG_WARN_NON_LITERAL_NULL_CONVERSION = YES;
				CLANG_WARN_OBJC_IMPLICIT_RETAIN_SELF = YES;
				CLANG_WARN_OBJC_LITERAL_CONVERSION = YES;
				CLANG_WARN_OBJC_ROOT_CLASS = YES_ERROR;
				CLANG_WARN_RANGE_LOOP_ANALYSIS = YES;
				CLANG_WARN_STRICT_PROTOTYPES = YES;
				CLANG_WARN_SUSPICIOUS_MOVE = YES;
				CLANG_WARN_UNGUARDED_AVAILABILITY = YES_AGGRESSIVE;
				CLANG_WARN_UNREACHABLE_CODE = YES;
				CLANG_WARN__DUPLICATE_METHOD_MATCH = YES;
				CODE_SIGN_IDENTITY = "iPhone Developer";
				COPY_PHASE_STRIP = NO;
				DEBUG_INFORMATION_FORMAT = "dwarf-with-dsym";
				ENABLE_NS_ASSERTIONS = NO;
				ENABLE_STRICT_OBJC_MSGSEND = YES;
				GCC_C_LANGUAGE_STANDARD = gnu11;
				GCC_NO_COMMON_BLOCKS = YES;
				GCC_WARN_64_TO_32_BIT_CONVERSION = YES;
				GCC_WARN_ABOUT_RETURN_TYPE = YES_ERROR;
				GCC_WARN_UNDECLARED_SELECTOR = YES;
				GCC_WARN_UNINITIALIZED_AUTOS = YES_AGGRESSIVE;
				GCC_WARN_UNUSED_FUNCTION = YES;
				GCC_WARN_UNUSED_VARIABLE = YES;
				IPHONEOS_DEPLOYMENT_TARGET = 9.0;
				MTL_ENABLE_DEBUG_INFO = NO;
				MTL_FAST_MATH = YES;
				SDKROOT = iphoneos;
				SWIFT_COMPILATION_MODE = wholemodule;
				SWIFT_OPTIMIZATION_LEVEL = "-O";
				VALIDATE_PRODUCT = YES;
			};
			name = Release;
		};
		CB3AD4D722572C6B0005BE7F /* Debug */ = {
			isa = XCBuildConfiguration;
			baseConfigurationReference = D05AEF747606EF93DCEB49F8 /* Pods-MVVMPractice.debug.xcconfig */;
			buildSettings = {
				ASSETCATALOG_COMPILER_APPICON_NAME = AppIcon;
				CODE_SIGN_STYLE = Automatic;
				DEVELOPMENT_TEAM = 3MEQ3GT44F;
				INFOPLIST_FILE = MVVMPractice/Info.plist;
				LD_RUNPATH_SEARCH_PATHS = (
					"$(inherited)",
					"@executable_path/Frameworks",
				);
				PRODUCT_BUNDLE_IDENTIFIER = com.archer..MVVMPractice;
				PRODUCT_NAME = "$(TARGET_NAME)";
				SWIFT_VERSION = 4.2;
				TARGETED_DEVICE_FAMILY = "1,2";
			};
			name = Debug;
		};
		CB3AD4D822572C6B0005BE7F /* Release */ = {
			isa = XCBuildConfiguration;
			baseConfigurationReference = EB36E5A8F5E6D07E9FABAC8C /* Pods-MVVMPractice.release.xcconfig */;
			buildSettings = {
				ASSETCATALOG_COMPILER_APPICON_NAME = AppIcon;
				CODE_SIGN_STYLE = Automatic;
				DEVELOPMENT_TEAM = 3MEQ3GT44F;
				INFOPLIST_FILE = MVVMPractice/Info.plist;
				LD_RUNPATH_SEARCH_PATHS = (
					"$(inherited)",
					"@executable_path/Frameworks",
				);
				PRODUCT_BUNDLE_IDENTIFIER = com.archer..MVVMPractice;
				PRODUCT_NAME = "$(TARGET_NAME)";
				SWIFT_VERSION = 4.2;
				TARGETED_DEVICE_FAMILY = "1,2";
			};
			name = Release;
		};
		CB3AD4DA22572C6B0005BE7F /* Debug */ = {
			isa = XCBuildConfiguration;
			baseConfigurationReference = 355D58B86C52F42F36BF4CD8 /* Pods-MVVMPracticeTests.debug.xcconfig */;
			buildSettings = {
				ALWAYS_EMBED_SWIFT_STANDARD_LIBRARIES = YES;
				BUNDLE_LOADER = "$(TEST_HOST)";
				CODE_SIGN_STYLE = Automatic;
				INFOPLIST_FILE = MVVMPracticeTests/Info.plist;
				LD_RUNPATH_SEARCH_PATHS = (
					"$(inherited)",
					"@executable_path/Frameworks",
					"@loader_path/Frameworks",
				);
				PRODUCT_BUNDLE_IDENTIFIER = com.archer..MVVMPracticeTests;
				PRODUCT_NAME = "$(TARGET_NAME)";
				SWIFT_VERSION = 4.2;
				TARGETED_DEVICE_FAMILY = "1,2";
				TEST_HOST = "$(BUILT_PRODUCTS_DIR)/MVVMPractice.app/MVVMPractice";
			};
			name = Debug;
		};
		CB3AD4DB22572C6B0005BE7F /* Release */ = {
			isa = XCBuildConfiguration;
			baseConfigurationReference = 080879BFE47A4DE2152BF280 /* Pods-MVVMPracticeTests.release.xcconfig */;
			buildSettings = {
				ALWAYS_EMBED_SWIFT_STANDARD_LIBRARIES = YES;
				BUNDLE_LOADER = "$(TEST_HOST)";
				CODE_SIGN_STYLE = Automatic;
				INFOPLIST_FILE = MVVMPracticeTests/Info.plist;
				LD_RUNPATH_SEARCH_PATHS = (
					"$(inherited)",
					"@executable_path/Frameworks",
					"@loader_path/Frameworks",
				);
				PRODUCT_BUNDLE_IDENTIFIER = com.archer..MVVMPracticeTests;
				PRODUCT_NAME = "$(TARGET_NAME)";
				SWIFT_VERSION = 4.2;
				TARGETED_DEVICE_FAMILY = "1,2";
				TEST_HOST = "$(BUILT_PRODUCTS_DIR)/MVVMPractice.app/MVVMPractice";
			};
			name = Release;
		};
/* End XCBuildConfiguration section */

/* Begin XCConfigurationList section */
		CB3AD4B422572C690005BE7F /* Build configuration list for PBXProject "MVVMPractice" */ = {
			isa = XCConfigurationList;
			buildConfigurations = (
				CB3AD4D422572C6B0005BE7F /* Debug */,
				CB3AD4D522572C6B0005BE7F /* Release */,
			);
			defaultConfigurationIsVisible = 0;
			defaultConfigurationName = Release;
		};
		CB3AD4D622572C6B0005BE7F /* Build configuration list for PBXNativeTarget "MVVMPractice" */ = {
			isa = XCConfigurationList;
			buildConfigurations = (
				CB3AD4D722572C6B0005BE7F /* Debug */,
				CB3AD4D822572C6B0005BE7F /* Release */,
			);
			defaultConfigurationIsVisible = 0;
			defaultConfigurationName = Release;
		};
		CB3AD4D922572C6B0005BE7F /* Build configuration list for PBXNativeTarget "MVVMPracticeTests" */ = {
			isa = XCConfigurationList;
			buildConfigurations = (
				CB3AD4DA22572C6B0005BE7F /* Debug */,
				CB3AD4DB22572C6B0005BE7F /* Release */,
			);
			defaultConfigurationIsVisible = 0;
			defaultConfigurationName = Release;
		};
/* End XCConfigurationList section */
	};
	rootObject = CB3AD4B122572C690005BE7F /* Project object */;
}
